{
  "name": "Puissance-4",
  "lockfileVersion": 3,
  "requires": true,
  "packages": {
    "": {
      "dependencies": {
        "animate.css": "^4.1.1",
        "drag-object": "^1.0.3"
      }
    },
    "node_modules/animate.css": {
      "version": "4.1.1",
      "resolved": "https://registry.npmjs.org/animate.css/-/animate.css-4.1.1.tgz",
      "integrity": "sha512-+mRmCTv6SbCmtYJCN4faJMNFVNN5EuCTTprDTAo7YzIGji2KADmakjVA3+8mVDkZ2Bf09vayB35lSQIex2+QaQ=="
    },
    "node_modules/drag-object": {
      "version": "1.0.3",
      "resolved": "https://registry.npmjs.org/drag-object/-/drag-object-1.0.3.tgz",
      "integrity": "sha512-7uY9ZPmdWsFkwjXb3hYYv+wGoKYrvcNku49Ihse9qJREUweaRbhiAoGbmIHNTX5ix5P7492f5uLQ4ajbP4E1MQ=="
    }
  }
}
